%{
  "connection": {:hex, :connection, "1.0.4", "a1cae72211f0eef17705aaededacac3eb30e6625b04a6117c1b2db6ace7d5976", [:mix], [], "hexpm"},
  "csv": {:hex, :csv, "2.3.1", "9ce11eff5a74a07baf3787b2b19dd798724d29a9c3a492a41df39f6af686da0e", [:mix], [{:parallel_stream, "~> 1.0.4", [hex: :parallel_stream, repo: "hexpm", optional: false]}], "hexpm"},
  "db_connection": {:hex, :db_connection, "1.1.3", "89b30ca1ef0a3b469b1c779579590688561d586694a3ce8792985d4d7e575a61", [:mix], [{:connection, "~> 1.0.2", [hex: :connection, repo: "hexpm", optional: false]}, {:poolboy, "~> 1.5", [hex: :poolboy, repo: "hexpm", optional: true]}, {:sbroker, "~> 1.0", [hex: :sbroker, repo: "hexpm", optional: true]}], "hexpm"},
  "decimal": {:hex, :decimal, "1.7.0", "30d6b52c88541f9a66637359ddf85016df9eb266170d53105f02e4a67e00c5aa", [:mix], [], "hexpm"},
  "ecto": {:hex, :ecto, "2.2.12", "ce7f619c1451daad0f59e8f01fd8e2584226171dc273e3346444446a13d93943", [:mix], [{:db_connection, "~> 1.1", [hex: :db_connection, repo: "hexpm", optional: true]}, {:decimal, "~> 1.2", [hex: :decimal, repo: "hexpm", optional: false]}, {:mariaex, "~> 0.8.0", [hex: :mariaex, repo: "hexpm", optional: true]}, {:poison, "~> 2.2 or ~> 3.0", [hex: :poison, repo: "hexpm", optional: true]}, {:poolboy, "~> 1.5", [hex: :poolboy, repo: "hexpm", optional: false]}, {:postgrex, "~> 0.13.0", [hex: :postgrex, repo: "hexpm", optional: true]}, {:sbroker, "~> 1.0", [hex: :sbroker, repo: "hexpm", optional: true]}], "hexpm"},
  "gen_stage": {:hex, :gen_stage, "0.12.0", "74ec6f84ea0e0e81aa26b745870495094de1c59bfdbd012ae3103208ea124623", [:mix], [], "hexpm"},
  "parallel_stream": {:hex, :parallel_stream, "1.0.6", "b967be2b23f0f6787fab7ed681b4c45a215a81481fb62b01a5b750fa8f30f76c", [:mix], [], "hexpm"},
  "poolboy": {:hex, :poolboy, "1.5.2", "392b007a1693a64540cead79830443abf5762f5d30cf50bc95cb2c1aaafa006b", [:rebar3], [], "hexpm"},
  "postgrex": {:hex, :postgrex, "0.13.5", "3d931aba29363e1443da167a4b12f06dcd171103c424de15e5f3fc2ba3e6d9c5", [:mix], [{:connection, "~> 1.0", [hex: :connection, repo: "hexpm", optional: false]}, {:db_connection, "~> 1.1", [hex: :db_connection, repo: "hexpm", optional: false]}, {:decimal, "~> 1.0", [hex: :decimal, repo: "hexpm", optional: false]}], "hexpm"},
  "uuid": {:hex, :uuid, "1.1.7", "007afd58273bc0bc7f849c3bdc763e2f8124e83b957e515368c498b641f7ab69", [:mix], [], "hexpm"},
}
